
Microsoft Visual Studio Solution File, Format Version 12.00
# Visual Studio Version 17
VisualStudioVersion = 17.2.32602.215
MinimumVisualStudioVersion = 10.0.40219.1
Project("{FAE04EC0-301F-11D3-BF4B-00C04F79EFBC}") = "MyBBSWebAPi", "MyBBSWebAPi2\MyBBSWebAPi.csproj", "{576C298B-A7AC-451D-8BCF-4EDD27F32A6E}"
EndProject
Project("{FAE04EC0-301F-11D3-BF4B-00C04F79EFBC}") = "MyBBSWebApi.BLL", "MyBBSWebApi2.BLL\MyBBSWebApi.BLL.csproj", "{CE66D1A8-681D-4D5A-BD34-87329CEB344A}"
EndProject
Project("{FAE04EC0-301F-11D3-BF4B-00C04F79EFBC}") = "MyBBSWebApi.DAL", "MyBBSWebApi2.DAL\MyBBSWebApi.DAL.csproj", "{3E1ABCC7-4163-4862-BCC6-0A613163B19A}"
EndProject
Project("{FAE04EC0-301F-11D3-BF4B-00C04F79EFBC}") = "MyBBSWebApi.Models", "MyBBSWebApi2.Models\MyBBSWebApi.Models.csproj", "{FC8EED8F-61DA-45D1-9E1B-045E287D0B2F}"
EndProject
Global
	GlobalSection(SolutionConfigurationPlatforms) = preSolution
		Debug|Any CPU = Debug|Any CPU
		Release|Any CPU = Release|Any CPU
	EndGlobalSection
	GlobalSection(ProjectConfigurationPlatforms) = postSolution
		{576C298B-A7AC-451D-8BCF-4EDD27F32A6E}.Debug|Any CPU.ActiveCfg = Debug|Any CPU
		{576C298B-A7AC-451D-8BCF-4EDD27F32A6E}.Debug|Any CPU.Build.0 = Debug|Any CPU
		{576C298B-A7AC-451D-8BCF-4EDD27F32A6E}.Release|Any CPU.ActiveCfg = Release|Any CPU
		{576C298B-A7AC-451D-8BCF-4EDD27F32A6E}.Release|Any CPU.Build.0 = Release|Any CPU
		{CE66D1A8-681D-4D5A-BD34-87329CEB344A}.Debug|Any CPU.ActiveCfg = Debug|Any CPU
		{CE66D1A8-681D-4D5A-BD34-87329CEB344A}.Debug|Any CPU.Build.0 = Debug|Any CPU
		{CE66D1A8-681D-4D5A-BD34-87329CEB344A}.Release|Any CPU.ActiveCfg = Release|Any CPU
		{CE66D1A8-681D-4D5A-BD34-87329CEB344A}.Release|Any CPU.Build.0 = Release|Any CPU
		{3E1ABCC7-4163-4862-BCC6-0A613163B19A}.Debug|Any CPU.ActiveCfg = Debug|Any CPU
		{3E1ABCC7-4163-4862-BCC6-0A613163B19A}.Debug|Any CPU.Build.0 = Debug|Any CPU
		{3E1ABCC7-4163-4862-BCC6-0A613163B19A}.Release|Any CPU.ActiveCfg = Release|Any CPU
		{3E1ABCC7-4163-4862-BCC6-0A613163B19A}.Release|Any CPU.Build.0 = Release|Any CPU
		{FC8EED8F-61DA-45D1-9E1B-045E287D0B2F}.Debug|Any CPU.ActiveCfg = Debug|Any CPU
		{FC8EED8F-61DA-45D1-9E1B-045E287D0B2F}.Debug|Any CPU.Build.0 = Debug|Any CPU
		{FC8EED8F-61DA-45D1-9E1B-045E287D0B2F}.Release|Any CPU.ActiveCfg = Release|Any CPU
		{FC8EED8F-61DA-45D1-9E1B-045E287D0B2F}.Release|Any CPU.Build.0 = Release|Any CPU
	EndGlobalSection
	GlobalSection(SolutionProperties) = preSolution
		HideSolutionNode = FALSE
	EndGlobalSection
	GlobalSection(ExtensibilityGlobals) = postSolution
		SolutionGuid = {70F5A98B-8EC7-4CFD-BF46-2A05E4177B98}
	EndGlobalSection
EndGlobal
