
Microsoft Visual Studio Solution File, Format Version 12.00
# Visual Studio Version 17
VisualStudioVersion = 17.2.32602.215
MinimumVisualStudioVersion = 10.0.40219.1
Project("{9A19103F-16F7-4668-BE54-9A1E7A4F7556}") = "MyBBSWebApi", "MyBBSWebApi\MyBBSWebApi.csproj", "{57B12EF5-07B6-4220-AAC7-DBD93763445C}"
EndProject
Project("{FAE04EC0-301F-11D3-BF4B-00C04F79EFBC}") = "MyBBSWebApi.BLL", "MyBBSWebApi.BLL\MyBBSWebApi.BLL.csproj", "{12D820BA-5903-424A-B460-6F648D8BD57C}"
EndProject
Project("{FAE04EC0-301F-11D3-BF4B-00C04F79EFBC}") = "MyBBSWebApi.DAL", "MyBBSWebApi.DAL\MyBBSWebApi.DAL.csproj", "{D69FE0DC-E54A-4618-9AE0-315CD3EAAA1B}"
EndProject
Project("{FAE04EC0-301F-11D3-BF4B-00C04F79EFBC}") = "MyBBSWebApi.Models", "MyBBSWebApi.Models\MyBBSWebApi.Models.csproj", "{FBC7FD62-C6EC-4BB3-9D35-60B3BA36CAD7}"
EndProject
Global
	GlobalSection(SolutionConfigurationPlatforms) = preSolution
		Debug|Any CPU = Debug|Any CPU
		Release|Any CPU = Release|Any CPU
	EndGlobalSection
	GlobalSection(ProjectConfigurationPlatforms) = postSolution
		{57B12EF5-07B6-4220-AAC7-DBD93763445C}.Debug|Any CPU.ActiveCfg = Debug|Any CPU
		{57B12EF5-07B6-4220-AAC7-DBD93763445C}.Debug|Any CPU.Build.0 = Debug|Any CPU
		{57B12EF5-07B6-4220-AAC7-DBD93763445C}.Release|Any CPU.ActiveCfg = Release|Any CPU
		{57B12EF5-07B6-4220-AAC7-DBD93763445C}.Release|Any CPU.Build.0 = Release|Any CPU
		{12D820BA-5903-424A-B460-6F648D8BD57C}.Debug|Any CPU.ActiveCfg = Debug|Any CPU
		{12D820BA-5903-424A-B460-6F648D8BD57C}.Debug|Any CPU.Build.0 = Debug|Any CPU
		{12D820BA-5903-424A-B460-6F648D8BD57C}.Release|Any CPU.ActiveCfg = Release|Any CPU
		{12D820BA-5903-424A-B460-6F648D8BD57C}.Release|Any CPU.Build.0 = Release|Any CPU
		{D69FE0DC-E54A-4618-9AE0-315CD3EAAA1B}.Debug|Any CPU.ActiveCfg = Debug|Any CPU
		{D69FE0DC-E54A-4618-9AE0-315CD3EAAA1B}.Debug|Any CPU.Build.0 = Debug|Any CPU
		{D69FE0DC-E54A-4618-9AE0-315CD3EAAA1B}.Release|Any CPU.ActiveCfg = Release|Any CPU
		{D69FE0DC-E54A-4618-9AE0-315CD3EAAA1B}.Release|Any CPU.Build.0 = Release|Any CPU
		{FBC7FD62-C6EC-4BB3-9D35-60B3BA36CAD7}.Debug|Any CPU.ActiveCfg = Debug|Any CPU
		{FBC7FD62-C6EC-4BB3-9D35-60B3BA36CAD7}.Debug|Any CPU.Build.0 = Debug|Any CPU
		{FBC7FD62-C6EC-4BB3-9D35-60B3BA36CAD7}.Release|Any CPU.ActiveCfg = Release|Any CPU
		{FBC7FD62-C6EC-4BB3-9D35-60B3BA36CAD7}.Release|Any CPU.Build.0 = Release|Any CPU
	EndGlobalSection
	GlobalSection(SolutionProperties) = preSolution
		HideSolutionNode = FALSE
	EndGlobalSection
	GlobalSection(ExtensibilityGlobals) = postSolution
		SolutionGuid = {70F5A98B-8EC7-4CFD-BF46-2A05E4177B98}
	EndGlobalSection
EndGlobal
